
Microsoft Visual Studio Solution File, Format Version 12.00
# Visual Studio Version 17
VisualStudioVersion = 17.14.36121.58 d17.14
MinimumVisualStudioVersion = 10.0.40219.1
Project("{FAE04EC0-301F-11D3-BF4B-00C04F79EFBC}") = "AppGymWeb", "AppGymWeb\AppGymWeb.csproj", "{61D8A2D9-7063-41A3-9AB9-9CB4DAE99CC0}"
EndProject
Global
	GlobalSection(SolutionConfigurationPlatforms) = preSolution
		Debug|Any CPU = Debug|Any CPU
		Release|Any CPU = Release|Any CPU
	EndGlobalSection
	GlobalSection(ProjectConfigurationPlatforms) = postSolution
		{61D8A2D9-7063-41A3-9AB9-9CB4DAE99CC0}.Debug|Any CPU.ActiveCfg = Debug|Any CPU
		{61D8A2D9-7063-41A3-9AB9-9CB4DAE99CC0}.Debug|Any CPU.Build.0 = Debug|Any CPU
		{61D8A2D9-7063-41A3-9AB9-9CB4DAE99CC0}.Release|Any CPU.ActiveCfg = Release|Any CPU
		{61D8A2D9-7063-41A3-9AB9-9CB4DAE99CC0}.Release|Any CPU.Build.0 = Release|Any CPU
	EndGlobalSection
	GlobalSection(SolutionProperties) = preSolution
		HideSolutionNode = FALSE
	EndGlobalSection
	GlobalSection(ExtensibilityGlobals) = postSolution
		SolutionGuid = {60E2912A-F508-491A-9A6B-0EA5EE847F0F}
	EndGlobalSection
EndGlobal
